
Microsoft Visual Studio Solution File, Format Version 12.00
# Visual Studio Version 17
VisualStudioVersion = 17.13.35931.197 d17.13
MinimumVisualStudioVersion = 10.0.40219.1
Project("{FAE04EC0-301F-11D3-BF4B-00C04F79EFBC}") = "EnhetsTestning_Labb4", "EnhetsTestning_Labb4\EnhetsTestning_Labb4.csproj", "{33343DF4-A38B-4E67-AB93-EE2CC8BA0C8F}"
EndProject
Project("{FAE04EC0-301F-11D3-BF4B-00C04F79EFBC}") = "EnhetsTestning_Labb4.Test", "EnhetsTestning_Labb4.Test\EnhetsTestning_Labb4.Test.csproj", "{CCF31E6A-5717-4CD8-B3C6-A0A1DE340155}"
EndProject
Global
	GlobalSection(SolutionConfigurationPlatforms) = preSolution
		Debug|Any CPU = Debug|Any CPU
		Release|Any CPU = Release|Any CPU
	EndGlobalSection
	GlobalSection(ProjectConfigurationPlatforms) = postSolution
		{33343DF4-A38B-4E67-AB93-EE2CC8BA0C8F}.Debug|Any CPU.ActiveCfg = Debug|Any CPU
		{33343DF4-A38B-4E67-AB93-EE2CC8BA0C8F}.Debug|Any CPU.Build.0 = Debug|Any CPU
		{33343DF4-A38B-4E67-AB93-EE2CC8BA0C8F}.Release|Any CPU.ActiveCfg = Release|Any CPU
		{33343DF4-A38B-4E67-AB93-EE2CC8BA0C8F}.Release|Any CPU.Build.0 = Release|Any CPU
		{CCF31E6A-5717-4CD8-B3C6-A0A1DE340155}.Debug|Any CPU.ActiveCfg = Debug|Any CPU
		{CCF31E6A-5717-4CD8-B3C6-A0A1DE340155}.Debug|Any CPU.Build.0 = Debug|Any CPU
		{CCF31E6A-5717-4CD8-B3C6-A0A1DE340155}.Release|Any CPU.ActiveCfg = Release|Any CPU
		{CCF31E6A-5717-4CD8-B3C6-A0A1DE340155}.Release|Any CPU.Build.0 = Release|Any CPU
	EndGlobalSection
	GlobalSection(SolutionProperties) = preSolution
		HideSolutionNode = FALSE
	EndGlobalSection
	GlobalSection(ExtensibilityGlobals) = postSolution
		SolutionGuid = {B7E05BC5-AA57-49AA-9970-B9FFDFFD017D}
	EndGlobalSection
EndGlobal
